// !$*UTF8*$!
{
	archiveVersion = 1;
	classes = {
	};
	objectVersion = 56;
	objects = {

/* Begin PBXBuildFile section */
		7512B4C62CB6D28E000B7848 /* AppDelegate.swift in Sources */ = {isa = PBXBuildFile; fileRef = 7512B4C52CB6D28E000B7848 /* AppDelegate.swift */; };
		7512B4C82CB6D28E000B7848 /* SceneDelegate.swift in Sources */ = {isa = PBXBuildFile; fileRef = 7512B4C72CB6D28E000B7848 /* SceneDelegate.swift */; };
		7512B4CA2CB6D28E000B7848 /* ViewController.swift in Sources */ = {isa = PBXBuildFile; fileRef = 7512B4C92CB6D28E000B7848 /* ViewController.swift */; };
		7512B4CD2CB6D28E000B7848 /* Main.storyboard in Resources */ = {isa = PBXBuildFile; fileRef = 7512B4CB2CB6D28E000B7848 /* Main.storyboard */; };
		7512B4CF2CB6D28F000B7848 /* Assets.xcassets in Resources */ = {isa = PBXBuildFile; fileRef = 7512B4CE2CB6D28F000B7848 /* Assets.xcassets */; };
		7512B4D22CB6D28F000B7848 /* LaunchScreen.storyboard in Resources */ = {isa = PBXBuildFile; fileRef = 7512B4D02CB6D28F000B7848 /* LaunchScreen.storyboard */; };
		7512B4DD2CB6D28F000B7848 /* CounterTests.swift in Sources */ = {isa = PBXBuildFile; fileRef = 7512B4DC2CB6D28F000B7848 /* CounterTests.swift */; };
		7512B4E72CB6D28F000B7848 /* CounterUITests.swift in Sources */ = {isa = PBXBuildFile; fileRef = 7512B4E62CB6D28F000B7848 /* CounterUITests.swift */; };
		7512B4E92CB6D28F000B7848 /* CounterUITestsLaunchTests.swift in Sources */ = {isa = PBXBuildFile; fileRef = 7512B4E82CB6D28F000B7848 /* CounterUITestsLaunchTests.swift */; };
/* End PBXBuildFile section */

/* Begin PBXContainerItemProxy section */
		7512B4D92CB6D28F000B7848 /* PBXContainerItemProxy */ = {
			isa = PBXContainerItemProxy;
			containerPortal = 7512B4BA2CB6D28E000B7848 /* Project object */;
			proxyType = 1;
			remoteGlobalIDString = 7512B4C12CB6D28E000B7848;
			remoteInfo = Counter;
		};
		7512B4E32CB6D28F000B7848 /* PBXContainerItemProxy */ = {
			isa = PBXContainerItemProxy;
			containerPortal = 7512B4BA2CB6D28E000B7848 /* Project object */;
			proxyType = 1;
			remoteGlobalIDString = 7512B4C12CB6D28E000B7848;
			remoteInfo = Counter;
		};
/* End PBXContainerItemProxy section */

/* Begin PBXFileReference section */
		7512B4C22CB6D28E000B7848 /* Counter.app */ = {isa = PBXFileReference; explicitFileType = wrapper.application; includeInIndex = 0; path = Counter.app; sourceTree = BUILT_PRODUCTS_DIR; };
		7512B4C52CB6D28E000B7848 /* AppDelegate.swift */ = {isa = PBXFileReference; lastKnownFileType = sourcecode.swift; path = AppDelegate.swift; sourceTree = "<group>"; };
		7512B4C72CB6D28E000B7848 /* SceneDelegate.swift */ = {isa = PBXFileReference; lastKnownFileType = sourcecode.swift; path = SceneDelegate.swift; sourceTree = "<group>"; };
		7512B4C92CB6D28E000B7848 /* ViewController.swift */ = {isa = PBXFileReference; lastKnownFileType = sourcecode.swift; path = ViewController.swift; sourceTree = "<group>"; };
		7512B4CC2CB6D28E000B7848 /* Base */ = {isa = PBXFileReference; lastKnownFileType = file.storyboard; name = Base; path = Base.lproj/Main.storyboard; sourceTree = "<group>"; };
		7512B4CE2CB6D28F000B7848 /* Assets.xcassets */ = {isa = PBXFileReference; lastKnownFileType = folder.assetcatalog; path = Assets.xcassets; sourceTree = "<group>"; };
		7512B4D12CB6D28F000B7848 /* Base */ = {isa = PBXFileReference; lastKnownFileType = file.storyboard; name = Base; path = Base.lproj/LaunchScreen.storyboard; sourceTree = "<group>"; };
		7512B4D32CB6D28F000B7848 /* Info.plist */ = {isa = PBXFileReference; lastKnownFileType = text.plist.xml; path = Info.plist; sourceTree = "<group>"; };
		7512B4D82CB6D28F000B7848 /* CounterTests.xctest */ = {isa = PBXFileReference; explicitFileType = wrapper.cfbundle; includeInIndex = 0; path = CounterTests.xctest; sourceTree = BUILT_PRODUCTS_DIR; };
		7512B4DC2CB6D28F000B7848 /* CounterTests.swift */ = {isa = PBXFileReference; lastKnownFileType = sourcecode.swift; path = CounterTests.swift; sourceTree = "<group>"; };
		7512B4E22CB6D28F000B7848 /* CounterUITests.xctest */ = {isa = PBXFileReference; explicitFileType = wrapper.cfbundle; includeInIndex = 0; path = CounterUITests.xctest; sourceTree = BUILT_PRODUCTS_DIR; };
		7512B4E62CB6D28F000B7848 /* CounterUITests.swift */ = {isa = PBXFileReference; lastKnownFileType = sourcecode.swift; path = CounterUITests.swift; sourceTree = "<group>"; };
		7512B4E82CB6D28F000B7848 /* CounterUITestsLaunchTests.swift */ = {isa = PBXFileReference; lastKnownFileType = sourcecode.swift; path = CounterUITestsLaunchTests.swift; sourceTree = "<group>"; };
/* End PBXFileReference section */

/* Begin PBXFrameworksBuildPhase section */
		7512B4BF2CB6D28E000B7848 /* Frameworks */ = {
			isa = PBXFrameworksBuildPhase;
			buildActionMask = 2147483647;
			files = (
			);
			runOnlyForDeploymentPostprocessing = 0;
		};
		7512B4D52CB6D28F000B7848 /* Frameworks */ = {
			isa = PBXFrameworksBuildPhase;
			buildActionMask = 2147483647;
			files = (
			);
			runOnlyForDeploymentPostprocessing = 0;
		};
		7512B4DF2CB6D28F000B7848 /* Frameworks */ = {
			isa = PBXFrameworksBuildPhase;
			buildActionMask = 2147483647;
			files = (
			);
			runOnlyForDeploymentPostprocessing = 0;
		};
/* End PBXFrameworksBuildPhase section */

/* Begin PBXGroup section */
		7512B4B92CB6D28E000B7848 = {
			isa = PBXGroup;
			children = (
				7512B4C42CB6D28E000B7848 /* Counter */,
				7512B4DB2CB6D28F000B7848 /* CounterTests */,
				7512B4E52CB6D28F000B7848 /* CounterUITests */,
				7512B4C32CB6D28E000B7848 /* Products */,
			);
			sourceTree = "<group>";
		};
		7512B4C32CB6D28E000B7848 /* Products */ = {
			isa = PBXGroup;
			children = (
				7512B4C22CB6D28E000B7848 /* Counter.app */,
				7512B4D82CB6D28F000B7848 /* CounterTests.xctest */,
				7512B4E22CB6D28F000B7848 /* CounterUITests.xctest */,
			);
			name = Products;
			sourceTree = "<group>";
		};
		7512B4C42CB6D28E000B7848 /* Counter */ = {
			isa = PBXGroup;
			children = (
				7512B4C52CB6D28E000B7848 /* AppDelegate.swift */,
				7512B4C72CB6D28E000B7848 /* SceneDelegate.swift */,
				7512B4C92CB6D28E000B7848 /* ViewController.swift */,
				7512B4CB2CB6D28E000B7848 /* Main.storyboard */,
				7512B4CE2CB6D28F000B7848 /* Assets.xcassets */,
				7512B4D02CB6D28F000B7848 /* LaunchScreen.storyboard */,
				7512B4D32CB6D28F000B7848 /* Info.plist */,
			);
			path = Counter;
			sourceTree = "<group>";
		};
		7512B4DB2CB6D28F000B7848 /* CounterTests */ = {
			isa = PBXGroup;
			children = (
				7512B4DC2CB6D28F000B7848 /* CounterTests.swift */,
			);
			path = CounterTests;
			sourceTree = "<group>";
		};
		7512B4E52CB6D28F000B7848 /* CounterUITests */ = {
			isa = PBXGroup;
			children = (
				7512B4E62CB6D28F000B7848 /* CounterUITests.swift */,
				7512B4E82CB6D28F000B7848 /* CounterUITestsLaunchTests.swift */,
			);
			path = CounterUITests;
			sourceTree = "<group>";
		};
/* End PBXGroup section */

/* Begin PBXNativeTarget section */
		7512B4C12CB6D28E000B7848 /* Counter */ = {
			isa = PBXNativeTarget;
			buildConfigurationList = 7512B4EC2CB6D28F000B7848 /* Build configuration list for PBXNativeTarget "Counter" */;
			buildPhases = (
				7512B4BE2CB6D28E000B7848 /* Sources */,
				7512B4BF2CB6D28E000B7848 /* Frameworks */,
				7512B4C02CB6D28E000B7848 /* Resources */,
			);
			buildRules = (
			);
			dependencies = (
			);
			name = Counter;
			productName = Counter;
			productReference = 7512B4C22CB6D28E000B7848 /* Counter.app */;
			productType = "com.apple.product-type.application";
		};
		7512B4D72CB6D28F000B7848 /* CounterTests */ = {
			isa = PBXNativeTarget;
			buildConfigurationList = 7512B4EF2CB6D28F000B7848 /* Build configuration list for PBXNativeTarget "CounterTests" */;
			buildPhases = (
				7512B4D42CB6D28F000B7848 /* Sources */,
				7512B4D52CB6D28F000B7848 /* Frameworks */,
				7512B4D62CB6D28F000B7848 /* Resources */,
			);
			buildRules = (
			);
			dependencies = (
				7512B4DA2CB6D28F000B7848 /* PBXTargetDependency */,
			);
			name = CounterTests;
			productName = CounterTests;
			productReference = 7512B4D82CB6D28F000B7848 /* CounterTests.xctest */;
			productType = "com.apple.product-type.bundle.unit-test";
		};
		7512B4E12CB6D28F000B7848 /* CounterUITests */ = {
			isa = PBXNativeTarget;
			buildConfigurationList = 7512B4F22CB6D28F000B7848 /* Build configuration list for PBXNativeTarget "CounterUITests" */;
			buildPhases = (
				7512B4DE2CB6D28F000B7848 /* Sources */,
				7512B4DF2CB6D28F000B7848 /* Frameworks */,
				7512B4E02CB6D28F000B7848 /* Resources */,
			);
			buildRules = (
			);
			dependencies = (
				7512B4E42CB6D28F000B7848 /* PBXTargetDependency */,
			);
			name = CounterUITests;
			productName = CounterUITests;
			productReference = 7512B4E22CB6D28F000B7848 /* CounterUITests.xctest */;
			productType = "com.apple.product-type.bundle.ui-testing";
		};
/* End PBXNativeTarget section */

/* Begin PBXProject section */
		7512B4BA2CB6D28E000B7848 /* Project object */ = {
			isa = PBXProject;
			attributes = {
				BuildIndependentTargetsInParallel = 1;
				LastSwiftUpdateCheck = 1520;
				LastUpgradeCheck = 1520;
				TargetAttributes = {
					7512B4C12CB6D28E000B7848 = {
						CreatedOnToolsVersion = 15.2;
					};
					7512B4D72CB6D28F000B7848 = {
						CreatedOnToolsVersion = 15.2;
						TestTargetID = 7512B4C12CB6D28E000B7848;
					};
					7512B4E12CB6D28F000B7848 = {
						CreatedOnToolsVersion = 15.2;
						TestTargetID = 7512B4C12CB6D28E000B7848;
					};
				};
			};
			buildConfigurationList = 7512B4BD2CB6D28E000B7848 /* Build configuration list for PBXProject "Counter" */;
			compatibilityVersion = "Xcode 14.0";
			developmentRegion = en;
			hasScannedForEncodings = 0;
			knownRegions = (
				en,
				Base,
			);
			mainGroup = 7512B4B92CB6D28E000B7848;
			productRefGroup = 7512B4C32CB6D28E000B7848 /* Products */;
			projectDirPath = "";
			projectRoot = "";
			targets = (
				7512B4C12CB6D28E000B7848 /* Counter */,
				7512B4D72CB6D28F000B7848 /* CounterTests */,
				7512B4E12CB6D28F000B7848 /* CounterUITests */,
			);
		};
/* End PBXProject section */

/* Begin PBXResourcesBuildPhase section */
		7512B4C02CB6D28E000B7848 /* Resources */ = {
			isa = PBXResourcesBuildPhase;
			buildActionMask = 2147483647;
			files = (
				7512B4D22CB6D28F000B7848 /* LaunchScreen.storyboard in Resources */,
				7512B4CF2CB6D28F000B7848 /* Assets.xcassets in Resources */,
				7512B4CD2CB6D28E000B7848 /* Main.storyboard in Resources */,
			);
			runOnlyForDeploymentPostprocessing = 0;
		};
		7512B4D62CB6D28F000B7848 /* Resources */ = {
			isa = PBXResourcesBuildPhase;
			buildActionMask = 2147483647;
			files = (
			);
			runOnlyForDeploymentPostprocessing = 0;
		};
		7512B4E02CB6D28F000B7848 /* Resources */ = {
			isa = PBXResourcesBuildPhase;
			buildActionMask = 2147483647;
			files = (
			);
			runOnlyForDeploymentPostprocessing = 0;
		};
/* End PBXResourcesBuildPhase section */

/* Begin PBXSourcesBuildPhase section */
		7512B4BE2CB6D28E000B7848 /* Sources */ = {
			isa = PBXSourcesBuildPhase;
			buildActionMask = 2147483647;
			files = (
				7512B4CA2CB6D28E000B7848 /* ViewController.swift in Sources */,
				7512B4C62CB6D28E000B7848 /* AppDelegate.swift in Sources */,
				7512B4C82CB6D28E000B7848 /* SceneDelegate.swift in Sources */,
			);
			runOnlyForDeploymentPostprocessing = 0;
		};
		7512B4D42CB6D28F000B7848 /* Sources */ = {
			isa = PBXSourcesBuildPhase;
			buildActionMask = 2147483647;
			files = (
				7512B4DD2CB6D28F000B7848 /* CounterTests.swift in Sources */,
			);
			runOnlyForDeploymentPostprocessing = 0;
		};
		7512B4DE2CB6D28F000B7848 /* Sources */ = {
			isa = PBXSourcesBuildPhase;
			buildActionMask = 2147483647;
			files = (
				7512B4E72CB6D28F000B7848 /* CounterUITests.swift in Sources */,
				7512B4E92CB6D28F000B7848 /* CounterUITestsLaunchTests.swift in Sources */,
			);
			runOnlyForDeploymentPostprocessing = 0;
		};
/* End PBXSourcesBuildPhase section */

/* Begin PBXTargetDependency section */
		7512B4DA2CB6D28F000B7848 /* PBXTargetDependency */ = {
			isa = PBXTargetDependency;
			target = 7512B4C12CB6D28E000B7848 /* Counter */;
			targetProxy = 7512B4D92CB6D28F000B7848 /* PBXContainerItemProxy */;
		};
		7512B4E42CB6D28F000B7848 /* PBXTargetDependency */ = {
			isa = PBXTargetDependency;
			target = 7512B4C12CB6D28E000B7848 /* Counter */;
			targetProxy = 7512B4E32CB6D28F000B7848 /* PBXContainerItemProxy */;
		};
/* End PBXTargetDependency section */

/* Begin PBXVariantGroup section */
		7512B4CB2CB6D28E000B7848 /* Main.storyboard */ = {
			isa = PBXVariantGroup;
			children = (
				7512B4CC2CB6D28E000B7848 /* Base */,
			);
			name = Main.storyboard;
			sourceTree = "<group>";
		};
		7512B4D02CB6D28F000B7848 /* LaunchScreen.storyboard */ = {
			isa = PBXVariantGroup;
			children = (
				7512B4D12CB6D28F000B7848 /* Base */,
			);
			name = LaunchScreen.storyboard;
			sourceTree = "<group>";
		};
/* End PBXVariantGroup section */

/* Begin XCBuildConfiguration section */
		7512B4EA2CB6D28F000B7848 /* Debug */ = {
			isa = XCBuildConfiguration;
			buildSettings = {
				ALWAYS_SEARCH_USER_PATHS = NO;
				ASSETCATALOG_COMPILER_GENERATE_SWIFT_ASSET_SYMBOL_EXTENSIONS = YES;
				CLANG_ANALYZER_NONNULL = YES;
				CLANG_ANALYZER_NUMBER_OBJECT_CONVERSION = YES_AGGRESSIVE;
				CLANG_CXX_LANGUAGE_STANDARD = "gnu++20";
				CLANG_ENABLE_MODULES = YES;
				CLANG_ENABLE_OBJC_ARC = YES;
				CLANG_ENABLE_OBJC_WEAK = YES;
				CLANG_WARN_BLOCK_CAPTURE_AUTORELEASING = YES;
				CLANG_WARN_BOOL_CONVERSION = YES;
				CLANG_WARN_COMMA = YES;
				CLANG_WARN_CONSTANT_CONVERSION = YES;
				CLANG_WARN_DEPRECATED_OBJC_IMPLEMENTATIONS = YES;
				CLANG_WARN_DIRECT_OBJC_ISA_USAGE = YES_ERROR;
				CLANG_WARN_DOCUMENTATION_COMMENTS = YES;
				CLANG_WARN_EMPTY_BODY = YES;
				CLANG_WARN_ENUM_CONVERSION = YES;
				CLANG_WARN_INFINITE_RECURSION = YES;
				CLANG_WARN_INT_CONVERSION = YES;
				CLANG_WARN_NON_LITERAL_NULL_CONVERSION = YES;
				CLANG_WARN_OBJC_IMPLICIT_RETAIN_SELF = YES;
				CLANG_WARN_OBJC_LITERAL_CONVERSION = YES;
				CLANG_WARN_OBJC_ROOT_CLASS = YES_ERROR;
				CLANG_WARN_QUOTED_INCLUDE_IN_FRAMEWORK_HEADER = YES;
				CLANG_WARN_RANGE_LOOP_ANALYSIS = YES;
				CLANG_WARN_STRICT_PROTOTYPES = YES;
				CLANG_WARN_SUSPICIOUS_MOVE = YES;
				CLANG_WARN_UNGUARDED_AVAILABILITY = YES_AGGRESSIVE;
				CLANG_WARN_UNREACHABLE_CODE = YES;
				CLANG_WARN__DUPLICATE_METHOD_MATCH = YES;
				COPY_PHASE_STRIP = NO;
				DEBUG_INFORMATION_FORMAT = dwarf;
				ENABLE_STRICT_OBJC_MSGSEND = YES;
				ENABLE_TESTABILITY = YES;
				ENABLE_USER_SCRIPT_SANDBOXING = YES;
				GCC_C_LANGUAGE_STANDARD = gnu17;
				GCC_DYNAMIC_NO_PIC = NO;
				GCC_NO_COMMON_BLOCKS = YES;
				GCC_OPTIMIZATION_LEVEL = 0;
				GCC_PREPROCESSOR_DEFINITIONS = (
					"DEBUG=1",
					"$(inherited)",
				);
				GCC_WARN_64_TO_32_BIT_CONVERSION = YES;
				GCC_WARN_ABOUT_RETURN_TYPE = YES_ERROR;
				GCC_WARN_UNDECLARED_SELECTOR = YES;
				GCC_WARN_UNINITIALIZED_AUTOS = YES_AGGRESSIVE;
				GCC_WARN_UNUSED_FUNCTION = YES;
				GCC_WARN_UNUSED_VARIABLE = YES;
				IPHONEOS_DEPLOYMENT_TARGET = 17.2;
				LOCALIZATION_PREFERS_STRING_CATALOGS = YES;
				MTL_ENABLE_DEBUG_INFO = INCLUDE_SOURCE;
				MTL_FAST_MATH = YES;
				ONLY_ACTIVE_ARCH = YES;
				SDKROOT = iphoneos;
				SWIFT_ACTIVE_COMPILATION_CONDITIONS = "DEBUG $(inherited)";
				SWIFT_OPTIMIZATION_LEVEL = "-Onone";
			};
			name = Debug;
		};
		7512B4EB2CB6D28F000B7848 /* Release */ = {
			isa = XCBuildConfiguration;
			buildSettings = {
				ALWAYS_SEARCH_USER_PATHS = NO;
				ASSETCATALOG_COMPILER_GENERATE_SWIFT_ASSET_SYMBOL_EXTENSIONS = YES;
				CLANG_ANALYZER_NONNULL = YES;
				CLANG_ANALYZER_NUMBER_OBJECT_CONVERSION = YES_AGGRESSIVE;
				CLANG_CXX_LANGUAGE_STANDARD = "gnu++20";
				CLANG_ENABLE_MODULES = YES;
				CLANG_ENABLE_OBJC_ARC = YES;
				CLANG_ENABLE_OBJC_WEAK = YES;
				CLANG_WARN_BLOCK_CAPTURE_AUTORELEASING = YES;
				CLANG_WARN_BOOL_CONVERSION = YES;
				CLANG_WARN_COMMA = YES;
				CLANG_WARN_CONSTANT_CONVERSION = YES;
				CLANG_WARN_DEPRECATED_OBJC_IMPLEMENTATIONS = YES;
				CLANG_WARN_DIRECT_OBJC_ISA_USAGE = YES_ERROR;
				CLANG_WARN_DOCUMENTATION_COMMENTS = YES;
				CLANG_WARN_EMPTY_BODY = YES;
				CLANG_WARN_ENUM_CONVERSION = YES;
				CLANG_WARN_INFINITE_RECURSION = YES;
				CLANG_WARN_INT_CONVERSION = YES;
				CLANG_WARN_NON_LITERAL_NULL_CONVERSION = YES;
				CLANG_WARN_OBJC_IMPLICIT_RETAIN_SELF = YES;
				CLANG_WARN_OBJC_LITERAL_CONVERSION = YES;
				CLANG_WARN_OBJC_ROOT_CLASS = YES_ERROR;
				CLANG_WARN_QUOTED_INCLUDE_IN_FRAMEWORK_HEADER = YES;
				CLANG_WARN_RANGE_LOOP_ANALYSIS = YES;
				CLANG_WARN_STRICT_PROTOTYPES = YES;
				CLANG_WARN_SUSPICIOUS_MOVE = YES;
				CLANG_WARN_UNGUARDED_AVAILABILITY = YES_AGGRESSIVE;
				CLANG_WARN_UNREACHABLE_CODE = YES;
				CLANG_WARN__DUPLICATE_METHOD_MATCH = YES;
				COPY_PHASE_STRIP = NO;
				DEBUG_INFORMATION_FORMAT = "dwarf-with-dsym";
				ENABLE_NS_ASSERTIONS = NO;
				ENABLE_STRICT_OBJC_MSGSEND = YES;
				ENABLE_USER_SCRIPT_SANDBOXING = YES;
				GCC_C_LANGUAGE_STANDARD = gnu17;
				GCC_NO_COMMON_BLOCKS = YES;
				GCC_WARN_64_TO_32_BIT_CONVERSION = YES;
				GCC_WARN_ABOUT_RETURN_TYPE = YES_ERROR;
				GCC_WARN_UNDECLARED_SELECTOR = YES;
				GCC_WARN_UNINITIALIZED_AUTOS = YES_AGGRESSIVE;
				GCC_WARN_UNUSED_FUNCTION = YES;
				GCC_WARN_UNUSED_VARIABLE = YES;
				IPHONEOS_DEPLOYMENT_TARGET = 17.2;
				LOCALIZATION_PREFERS_STRING_CATALOGS = YES;
				MTL_ENABLE_DEBUG_INFO = NO;
				MTL_FAST_MATH = YES;
				SDKROOT = iphoneos;
				SWIFT_COMPILATION_MODE = wholemodule;
				VALIDATE_PRODUCT = YES;
			};
			name = Release;
		};
		7512B4ED2CB6D28F000B7848 /* Debug */ = {
			isa = XCBuildConfiguration;
			buildSettings = {
				ASSETCATALOG_COMPILER_APPICON_NAME = AppIcon;
				ASSETCATALOG_COMPILER_GLOBAL_ACCENT_COLOR_NAME = AccentColor;
				CODE_SIGN_STYLE = Automatic;
				CURRENT_PROJECT_VERSION = 1;
				DEVELOPMENT_TEAM = 69AZS4CVWT;
				GENERATE_INFOPLIST_FILE = YES;
				INFOPLIST_FILE = Counter/Info.plist;
				INFOPLIST_KEY_UIApplicationSupportsIndirectInputEvents = YES;
				INFOPLIST_KEY_UILaunchStoryboardName = LaunchScreen;
				INFOPLIST_KEY_UIMainStoryboardFile = Main;
				INFOPLIST_KEY_UISupportedInterfaceOrientations_iPad = "UIInterfaceOrientationPortrait UIInterfaceOrientationPortraitUpsideDown UIInterfaceOrientationLandscapeLeft UIInterfaceOrientationLandscapeRight";
				INFOPLIST_KEY_UISupportedInterfaceOrientations_iPhone = "UIInterfaceOrientationPortrait UIInterfaceOrientationLandscapeLeft UIInterfaceOrientationLandscapeRight";
				LD_RUNPATH_SEARCH_PATHS = (
					"$(inherited)",
					"@executable_path/Frameworks",
				);
				MARKETING_VERSION = 1.0;
				PRODUCT_BUNDLE_IDENTIFIER = test.CounterApp.Counter;
				PRODUCT_NAME = "$(TARGET_NAME)";
				SWIFT_EMIT_LOC_STRINGS = YES;
				SWIFT_VERSION = 5.0;
				TARGETED_DEVICE_FAMILY = "1,2";
			};
			name = Debug;
		};
		7512B4EE2CB6D28F000B7848 /* Release */ = {
			isa = XCBuildConfiguration;
			buildSettings = {
				ASSETCATALOG_COMPILER_APPICON_NAME = AppIcon;
				ASSETCATALOG_COMPILER_GLOBAL_ACCENT_COLOR_NAME = AccentColor;
				CODE_SIGN_STYLE = Automatic;
				CURRENT_PROJECT_VERSION = 1;
				DEVELOPMENT_TEAM = 69AZS4CVWT;
				GENERATE_INFOPLIST_FILE = YES;
				INFOPLIST_FILE = Counter/Info.plist;
				INFOPLIST_KEY_UIApplicationSupportsIndirectInputEvents = YES;
				INFOPLIST_KEY_UILaunchStoryboardName = LaunchScreen;
				INFOPLIST_KEY_UIMainStoryboardFile = Main;
				INFOPLIST_KEY_UISupportedInterfaceOrientations_iPad = "UIInterfaceOrientationPortrait UIInterfaceOrientationPortraitUpsideDown UIInterfaceOrientationLandscapeLeft UIInterfaceOrientationLandscapeRight";
				INFOPLIST_KEY_UISupportedInterfaceOrientations_iPhone = "UIInterfaceOrientationPortrait UIInterfaceOrientationLandscapeLeft UIInterfaceOrientationLandscapeRight";
				LD_RUNPATH_SEARCH_PATHS = (
					"$(inherited)",
					"@executable_path/Frameworks",
				);
				MARKETING_VERSION = 1.0;
				PRODUCT_BUNDLE_IDENTIFIER = test.CounterApp.Counter;
				PRODUCT_NAME = "$(TARGET_NAME)";
				SWIFT_EMIT_LOC_STRINGS = YES;
				SWIFT_VERSION = 5.0;
				TARGETED_DEVICE_FAMILY = "1,2";
			};
			name = Release;
		};
		7512B4F02CB6D28F000B7848 /* Debug */ = {
			isa = XCBuildConfiguration;
			buildSettings = {
				ALWAYS_EMBED_SWIFT_STANDARD_LIBRARIES = YES;
				BUNDLE_LOADER = "$(TEST_HOST)";
				CODE_SIGN_STYLE = Automatic;
				CURRENT_PROJECT_VERSION = 1;
				DEVELOPMENT_TEAM = 69AZS4CVWT;
				GENERATE_INFOPLIST_FILE = YES;
				IPHONEOS_DEPLOYMENT_TARGET = 17.2;
				MARKETING_VERSION = 1.0;
				PRODUCT_BUNDLE_IDENTIFIER = test.CounterApp.CounterTests;
				PRODUCT_NAME = "$(TARGET_NAME)";
				SWIFT_EMIT_LOC_STRINGS = NO;
				SWIFT_VERSION = 5.0;
				TARGETED_DEVICE_FAMILY = "1,2";
				TEST_HOST = "$(BUILT_PRODUCTS_DIR)/Counter.app/$(BUNDLE_EXECUTABLE_FOLDER_PATH)/Counter";
			};
			name = Debug;
		};
		7512B4F12CB6D28F000B7848 /* Release */ = {
			isa = XCBuildConfiguration;
			buildSettings = {
				ALWAYS_EMBED_SWIFT_STANDARD_LIBRARIES = YES;
				BUNDLE_LOADER = "$(TEST_HOST)";
				CODE_SIGN_STYLE = Automatic;
				CURRENT_PROJECT_VERSION = 1;
				DEVELOPMENT_TEAM = 69AZS4CVWT;
				GENERATE_INFOPLIST_FILE = YES;
				IPHONEOS_DEPLOYMENT_TARGET = 17.2;
				MARKETING_VERSION = 1.0;
				PRODUCT_BUNDLE_IDENTIFIER = test.CounterApp.CounterTests;
				PRODUCT_NAME = "$(TARGET_NAME)";
				SWIFT_EMIT_LOC_STRINGS = NO;
				SWIFT_VERSION = 5.0;
				TARGETED_DEVICE_FAMILY = "1,2";
				TEST_HOST = "$(BUILT_PRODUCTS_DIR)/Counter.app/$(BUNDLE_EXECUTABLE_FOLDER_PATH)/Counter";
			};
			name = Release;
		};
		7512B4F32CB6D28F000B7848 /* Debug */ = {
			isa = XCBuildConfiguration;
			buildSettings = {
				ALWAYS_EMBED_SWIFT_STANDARD_LIBRARIES = YES;
				CODE_SIGN_STYLE = Automatic;
				CURRENT_PROJECT_VERSION = 1;
				DEVELOPMENT_TEAM = 69AZS4CVWT;
				GENERATE_INFOPLIST_FILE = YES;
				MARKETING_VERSION = 1.0;
				PRODUCT_BUNDLE_IDENTIFIER = test.CounterApp.CounterUITests;
				PRODUCT_NAME = "$(TARGET_NAME)";
				SWIFT_EMIT_LOC_STRINGS = NO;
				SWIFT_VERSION = 5.0;
				TARGETED_DEVICE_FAMILY = "1,2";
				TEST_TARGET_NAME = Counter;
			};
			name = Debug;
		};
		7512B4F42CB6D28F000B7848 /* Release */ = {
			isa = XCBuildConfiguration;
			buildSettings = {
				ALWAYS_EMBED_SWIFT_STANDARD_LIBRARIES = YES;
				CODE_SIGN_STYLE = Automatic;
				CURRENT_PROJECT_VERSION = 1;
				DEVELOPMENT_TEAM = 69AZS4CVWT;
				GENERATE_INFOPLIST_FILE = YES;
				MARKETING_VERSION = 1.0;
				PRODUCT_BUNDLE_IDENTIFIER = test.CounterApp.CounterUITests;
				PRODUCT_NAME = "$(TARGET_NAME)";
				SWIFT_EMIT_LOC_STRINGS = NO;
				SWIFT_VERSION = 5.0;
				TARGETED_DEVICE_FAMILY = "1,2";
				TEST_TARGET_NAME = Counter;
			};
			name = Release;
		};
/* End XCBuildConfiguration section */

/* Begin XCConfigurationList section */
		7512B4BD2CB6D28E000B7848 /* Build configuration list for PBXProject "Counter" */ = {
			isa = XCConfigurationList;
			buildConfigurations = (
				7512B4EA2CB6D28F000B7848 /* Debug */,
				7512B4EB2CB6D28F000B7848 /* Release */,
			);
			defaultConfigurationIsVisible = 0;
			defaultConfigurationName = Release;
		};
		7512B4EC2CB6D28F000B7848 /* Build configuration list for PBXNativeTarget "Counter" */ = {
			isa = XCConfigurationList;
			buildConfigurations = (
				7512B4ED2CB6D28F000B7848 /* Debug */,
				7512B4EE2CB6D28F000B7848 /* Release */,
			);
			defaultConfigurationIsVisible = 0;
			defaultConfigurationName = Release;
		};
		7512B4EF2CB6D28F000B7848 /* Build configuration list for PBXNativeTarget "CounterTests" */ = {
			isa = XCConfigurationList;
			buildConfigurations = (
				7512B4F02CB6D28F000B7848 /* Debug */,
				7512B4F12CB6D28F000B7848 /* Release */,
			);
			defaultConfigurationIsVisible = 0;
			defaultConfigurationName = Release;
		};
		7512B4F22CB6D28F000B7848 /* Build configuration list for PBXNativeTarget "CounterUITests" */ = {
			isa = XCConfigurationList;
			buildConfigurations = (
				7512B4F32CB6D28F000B7848 /* Debug */,
				7512B4F42CB6D28F000B7848 /* Release */,
			);
			defaultConfigurationIsVisible = 0;
			defaultConfigurationName = Release;
		};
/* End XCConfigurationList section */
	};
	rootObject = 7512B4BA2CB6D28E000B7848 /* Project object */;
}
